// !$*UTF8*$!
{
	archiveVersion = 1;
	classes = {
	};
	objectVersion = 56;
	objects = {

/* Begin PBXBuildFile section */
		2363A26F2ADBA82C00C28CAA /* RoutesViewController.swift in Sources */ = {isa = PBXBuildFile; fileRef = 2363A26E2ADBA82C00C28CAA /* RoutesViewController.swift */; };
		2363A2712ADBAB9700C28CAA /* WaypointSetViewController.swift in Sources */ = {isa = PBXBuildFile; fileRef = 2363A2702ADBAB9700C28CAA /* WaypointSetViewController.swift */; };
		2363A2742ADBB08500C28CAA /* Waypoint.swift in Sources */ = {isa = PBXBuildFile; fileRef = 2363A2732ADBB08500C28CAA /* Waypoint.swift */; };
		2363A2762ADBB0E500C28CAA /* WaypointSet.swift in Sources */ = {isa = PBXBuildFile; fileRef = 2363A2752ADBB0E500C28CAA /* WaypointSet.swift */; };
		2363A2782ADBB18D00C28CAA /* WaypointsManager.swift in Sources */ = {isa = PBXBuildFile; fileRef = 2363A2772ADBB18D00C28CAA /* WaypointsManager.swift */; };
		2363A27A2ADBBB3600C28CAA /* WaypointSetsViewController.swift in Sources */ = {isa = PBXBuildFile; fileRef = 2363A2792ADBBB3600C28CAA /* WaypointSetsViewController.swift */; };
		23D38ED42ADC0FDC00CAA5E3 /* WaypointSetsTableViewCell.swift in Sources */ = {isa = PBXBuildFile; fileRef = 23D38ED32ADC0FDC00CAA5E3 /* WaypointSetsTableViewCell.swift */; };
		23D38ED62ADC12A800CAA5E3 /* WaypointSetViewModel.swift in Sources */ = {isa = PBXBuildFile; fileRef = 23D38ED52ADC12A800CAA5E3 /* WaypointSetViewModel.swift */; };
		23D38ED92ADC184B00CAA5E3 /* WaypointSetTableViewCell.swift in Sources */ = {isa = PBXBuildFile; fileRef = 23D38ED82ADC184B00CAA5E3 /* WaypointSetTableViewCell.swift */; };
		23D38EDB2ADC2CE800CAA5E3 /* WaypointViewController.swift in Sources */ = {isa = PBXBuildFile; fileRef = 23D38EDA2ADC2CE800CAA5E3 /* WaypointViewController.swift */; };
		23D79F782ADD7B22007399C4 /* WPTParser.swift in Sources */ = {isa = PBXBuildFile; fileRef = 23D79F772ADD7B22007399C4 /* WPTParser.swift */; };
		23E26DC82ADBC3980094F2E4 /* Injector.swift in Sources */ = {isa = PBXBuildFile; fileRef = 23E26DC72ADBC3980094F2E4 /* Injector.swift */; };
		23E26DCB2ADBC69D0094F2E4 /* WaypointSetsViewModel.swift in Sources */ = {isa = PBXBuildFile; fileRef = 23E26DCA2ADBC69D0094F2E4 /* WaypointSetsViewModel.swift */; };
		23F19E992ADB9C7100194E96 /* AppDelegate.swift in Sources */ = {isa = PBXBuildFile; fileRef = 23F19E982ADB9C7100194E96 /* AppDelegate.swift */; };
		23F19E9B2ADB9C7100194E96 /* SceneDelegate.swift in Sources */ = {isa = PBXBuildFile; fileRef = 23F19E9A2ADB9C7100194E96 /* SceneDelegate.swift */; };
		23F19E9D2ADB9C7100194E96 /* HomeViewController.swift in Sources */ = {isa = PBXBuildFile; fileRef = 23F19E9C2ADB9C7100194E96 /* HomeViewController.swift */; };
		23F19EA02ADB9C7100194E96 /* Main.storyboard in Resources */ = {isa = PBXBuildFile; fileRef = 23F19E9E2ADB9C7100194E96 /* Main.storyboard */; };
		23F19EA22ADB9C7200194E96 /* Assets.xcassets in Resources */ = {isa = PBXBuildFile; fileRef = 23F19EA12ADB9C7200194E96 /* Assets.xcassets */; };
		23F19EA52ADB9C7200194E96 /* LaunchScreen.storyboard in Resources */ = {isa = PBXBuildFile; fileRef = 23F19EA32ADB9C7200194E96 /* LaunchScreen.storyboard */; };
/* End PBXBuildFile section */

/* Begin PBXFileReference section */
		2363A26E2ADBA82C00C28CAA /* RoutesViewController.swift */ = {isa = PBXFileReference; lastKnownFileType = sourcecode.swift; path = RoutesViewController.swift; sourceTree = "<group>"; };
		2363A2702ADBAB9700C28CAA /* WaypointSetViewController.swift */ = {isa = PBXFileReference; lastKnownFileType = sourcecode.swift; path = WaypointSetViewController.swift; sourceTree = "<group>"; };
		2363A2732ADBB08500C28CAA /* Waypoint.swift */ = {isa = PBXFileReference; lastKnownFileType = sourcecode.swift; path = Waypoint.swift; sourceTree = "<group>"; };
		2363A2752ADBB0E500C28CAA /* WaypointSet.swift */ = {isa = PBXFileReference; lastKnownFileType = sourcecode.swift; path = WaypointSet.swift; sourceTree = "<group>"; };
		2363A2772ADBB18D00C28CAA /* WaypointsManager.swift */ = {isa = PBXFileReference; lastKnownFileType = sourcecode.swift; path = WaypointsManager.swift; sourceTree = "<group>"; };
		2363A2792ADBBB3600C28CAA /* WaypointSetsViewController.swift */ = {isa = PBXFileReference; lastKnownFileType = sourcecode.swift; path = WaypointSetsViewController.swift; sourceTree = "<group>"; };
		23D38ED32ADC0FDC00CAA5E3 /* WaypointSetsTableViewCell.swift */ = {isa = PBXFileReference; lastKnownFileType = sourcecode.swift; path = WaypointSetsTableViewCell.swift; sourceTree = "<group>"; };
		23D38ED52ADC12A800CAA5E3 /* WaypointSetViewModel.swift */ = {isa = PBXFileReference; lastKnownFileType = sourcecode.swift; path = WaypointSetViewModel.swift; sourceTree = "<group>"; };
		23D38ED82ADC184B00CAA5E3 /* WaypointSetTableViewCell.swift */ = {isa = PBXFileReference; lastKnownFileType = sourcecode.swift; path = WaypointSetTableViewCell.swift; sourceTree = "<group>"; };
		23D38EDA2ADC2CE800CAA5E3 /* WaypointViewController.swift */ = {isa = PBXFileReference; lastKnownFileType = sourcecode.swift; path = WaypointViewController.swift; sourceTree = "<group>"; };
		23D79F772ADD7B22007399C4 /* WPTParser.swift */ = {isa = PBXFileReference; lastKnownFileType = sourcecode.swift; path = WPTParser.swift; sourceTree = "<group>"; };
		23E26DC72ADBC3980094F2E4 /* Injector.swift */ = {isa = PBXFileReference; lastKnownFileType = sourcecode.swift; path = Injector.swift; sourceTree = "<group>"; };
		23E26DCA2ADBC69D0094F2E4 /* WaypointSetsViewModel.swift */ = {isa = PBXFileReference; lastKnownFileType = sourcecode.swift; path = WaypointSetsViewModel.swift; sourceTree = "<group>"; };
		23F19E952ADB9C7100194E96 /* Seurata.app */ = {isa = PBXFileReference; explicitFileType = wrapper.application; includeInIndex = 0; path = Seurata.app; sourceTree = BUILT_PRODUCTS_DIR; };
		23F19E982ADB9C7100194E96 /* AppDelegate.swift */ = {isa = PBXFileReference; lastKnownFileType = sourcecode.swift; path = AppDelegate.swift; sourceTree = "<group>"; };
		23F19E9A2ADB9C7100194E96 /* SceneDelegate.swift */ = {isa = PBXFileReference; lastKnownFileType = sourcecode.swift; path = SceneDelegate.swift; sourceTree = "<group>"; };
		23F19E9C2ADB9C7100194E96 /* HomeViewController.swift */ = {isa = PBXFileReference; lastKnownFileType = sourcecode.swift; path = HomeViewController.swift; sourceTree = "<group>"; };
		23F19E9F2ADB9C7100194E96 /* Base */ = {isa = PBXFileReference; lastKnownFileType = file.storyboard; name = Base; path = Base.lproj/Main.storyboard; sourceTree = "<group>"; };
		23F19EA12ADB9C7200194E96 /* Assets.xcassets */ = {isa = PBXFileReference; lastKnownFileType = folder.assetcatalog; path = Assets.xcassets; sourceTree = "<group>"; };
		23F19EA42ADB9C7200194E96 /* Base */ = {isa = PBXFileReference; lastKnownFileType = file.storyboard; name = Base; path = Base.lproj/LaunchScreen.storyboard; sourceTree = "<group>"; };
		23F19EA62ADB9C7200194E96 /* Info.plist */ = {isa = PBXFileReference; lastKnownFileType = text.plist.xml; path = Info.plist; sourceTree = "<group>"; };
/* End PBXFileReference section */

/* Begin PBXFrameworksBuildPhase section */
		23F19E922ADB9C7100194E96 /* Frameworks */ = {
			isa = PBXFrameworksBuildPhase;
			buildActionMask = 2147483647;
			files = (
			);
			runOnlyForDeploymentPostprocessing = 0;
		};
/* End PBXFrameworksBuildPhase section */

/* Begin PBXGroup section */
		2363A26D2ADBA2D100C28CAA /* ViewControllers */ = {
			isa = PBXGroup;
			children = (
				23F19E9C2ADB9C7100194E96 /* HomeViewController.swift */,
				2363A26E2ADBA82C00C28CAA /* RoutesViewController.swift */,
				2363A2792ADBBB3600C28CAA /* WaypointSetsViewController.swift */,
				23D38ED22ADC0FB100CAA5E3 /* WaypointSetsViewController */,
				2363A2702ADBAB9700C28CAA /* WaypointSetViewController.swift */,
				23D38ED72ADC182D00CAA5E3 /* WaypointSetViewController */,
				23D38EDA2ADC2CE800CAA5E3 /* WaypointViewController.swift */,
			);
			path = ViewControllers;
			sourceTree = "<group>";
		};
		2363A2722ADBB05300C28CAA /* Models */ = {
			isa = PBXGroup;
			children = (
				2363A2732ADBB08500C28CAA /* Waypoint.swift */,
				2363A2752ADBB0E500C28CAA /* WaypointSet.swift */,
				2363A2772ADBB18D00C28CAA /* WaypointsManager.swift */,
			);
			path = Models;
			sourceTree = "<group>";
		};
		23D38ED22ADC0FB100CAA5E3 /* WaypointSetsViewController */ = {
			isa = PBXGroup;
			children = (
				23D38ED32ADC0FDC00CAA5E3 /* WaypointSetsTableViewCell.swift */,
			);
			path = WaypointSetsViewController;
			sourceTree = "<group>";
		};
		23D38ED72ADC182D00CAA5E3 /* WaypointSetViewController */ = {
			isa = PBXGroup;
			children = (
				23D38ED82ADC184B00CAA5E3 /* WaypointSetTableViewCell.swift */,
			);
			path = WaypointSetViewController;
			sourceTree = "<group>";
		};
		23D79F762ADD7B02007399C4 /* Parsers */ = {
			isa = PBXGroup;
			children = (
				23D79F772ADD7B22007399C4 /* WPTParser.swift */,
			);
			path = Parsers;
			sourceTree = "<group>";
		};
		23E26DC92ADBC67C0094F2E4 /* ViewModels */ = {
			isa = PBXGroup;
			children = (
				23E26DCA2ADBC69D0094F2E4 /* WaypointSetsViewModel.swift */,
				23D38ED52ADC12A800CAA5E3 /* WaypointSetViewModel.swift */,
			);
			path = ViewModels;
			sourceTree = "<group>";
		};
		23F19E8C2ADB9C7100194E96 = {
			isa = PBXGroup;
			children = (
				23F19E972ADB9C7100194E96 /* Seurata */,
				23F19E962ADB9C7100194E96 /* Products */,
			);
			sourceTree = "<group>";
		};
		23F19E962ADB9C7100194E96 /* Products */ = {
			isa = PBXGroup;
			children = (
				23F19E952ADB9C7100194E96 /* Seurata.app */,
			);
			name = Products;
			sourceTree = "<group>";
		};
		23F19E972ADB9C7100194E96 /* Seurata */ = {
			isa = PBXGroup;
			children = (
				2363A2722ADBB05300C28CAA /* Models */,
				23D79F762ADD7B02007399C4 /* Parsers */,
				2363A26D2ADBA2D100C28CAA /* ViewControllers */,
				23E26DC92ADBC67C0094F2E4 /* ViewModels */,
				23F19E982ADB9C7100194E96 /* AppDelegate.swift */,
				23F19E9A2ADB9C7100194E96 /* SceneDelegate.swift */,
				23E26DC72ADBC3980094F2E4 /* Injector.swift */,
				23F19E9E2ADB9C7100194E96 /* Main.storyboard */,
				23F19EA32ADB9C7200194E96 /* LaunchScreen.storyboard */,
				23F19EA12ADB9C7200194E96 /* Assets.xcassets */,
				23F19EA62ADB9C7200194E96 /* Info.plist */,
			);
			path = Seurata;
			sourceTree = "<group>";
		};
/* End PBXGroup section */

/* Begin PBXNativeTarget section */
		23F19E942ADB9C7100194E96 /* Seurata */ = {
			isa = PBXNativeTarget;
			buildConfigurationList = 23F19EA92ADB9C7200194E96 /* Build configuration list for PBXNativeTarget "Seurata" */;
			buildPhases = (
				23F19E912ADB9C7100194E96 /* Sources */,
				23F19E922ADB9C7100194E96 /* Frameworks */,
				23F19E932ADB9C7100194E96 /* Resources */,
			);
			buildRules = (
			);
			dependencies = (
			);
			name = Seurata;
			productName = Seurata;
			productReference = 23F19E952ADB9C7100194E96 /* Seurata.app */;
			productType = "com.apple.product-type.application";
		};
/* End PBXNativeTarget section */

/* Begin PBXProject section */
		23F19E8D2ADB9C7100194E96 /* Project object */ = {
			isa = PBXProject;
			attributes = {
				BuildIndependentTargetsInParallel = 1;
				LastSwiftUpdateCheck = 1500;
				LastUpgradeCheck = 1500;
				TargetAttributes = {
					23F19E942ADB9C7100194E96 = {
						CreatedOnToolsVersion = 15.0;
					};
				};
			};
			buildConfigurationList = 23F19E902ADB9C7100194E96 /* Build configuration list for PBXProject "Seurata" */;
			compatibilityVersion = "Xcode 14.0";
			developmentRegion = en;
			hasScannedForEncodings = 0;
			knownRegions = (
				en,
				Base,
			);
			mainGroup = 23F19E8C2ADB9C7100194E96;
			productRefGroup = 23F19E962ADB9C7100194E96 /* Products */;
			projectDirPath = "";
			projectRoot = "";
			targets = (
				23F19E942ADB9C7100194E96 /* Seurata */,
			);
		};
/* End PBXProject section */

/* Begin PBXResourcesBuildPhase section */
		23F19E932ADB9C7100194E96 /* Resources */ = {
			isa = PBXResourcesBuildPhase;
			buildActionMask = 2147483647;
			files = (
				23F19EA52ADB9C7200194E96 /* LaunchScreen.storyboard in Resources */,
				23F19EA22ADB9C7200194E96 /* Assets.xcassets in Resources */,
				23F19EA02ADB9C7100194E96 /* Main.storyboard in Resources */,
			);
			runOnlyForDeploymentPostprocessing = 0;
		};
/* End PBXResourcesBuildPhase section */

/* Begin PBXSourcesBuildPhase section */
		23F19E912ADB9C7100194E96 /* Sources */ = {
			isa = PBXSourcesBuildPhase;
			buildActionMask = 2147483647;
			files = (
				2363A27A2ADBBB3600C28CAA /* WaypointSetsViewController.swift in Sources */,
				23F19E9D2ADB9C7100194E96 /* HomeViewController.swift in Sources */,
				23F19E992ADB9C7100194E96 /* AppDelegate.swift in Sources */,
				23E26DCB2ADBC69D0094F2E4 /* WaypointSetsViewModel.swift in Sources */,
				23D38ED62ADC12A800CAA5E3 /* WaypointSetViewModel.swift in Sources */,
				23D38ED92ADC184B00CAA5E3 /* WaypointSetTableViewCell.swift in Sources */,
				2363A2782ADBB18D00C28CAA /* WaypointsManager.swift in Sources */,
				2363A2742ADBB08500C28CAA /* Waypoint.swift in Sources */,
				23E26DC82ADBC3980094F2E4 /* Injector.swift in Sources */,
				2363A26F2ADBA82C00C28CAA /* RoutesViewController.swift in Sources */,
				2363A2712ADBAB9700C28CAA /* WaypointSetViewController.swift in Sources */,
				23D38EDB2ADC2CE800CAA5E3 /* WaypointViewController.swift in Sources */,
				2363A2762ADBB0E500C28CAA /* WaypointSet.swift in Sources */,
				23D79F782ADD7B22007399C4 /* WPTParser.swift in Sources */,
				23F19E9B2ADB9C7100194E96 /* SceneDelegate.swift in Sources */,
				23D38ED42ADC0FDC00CAA5E3 /* WaypointSetsTableViewCell.swift in Sources */,
			);
			runOnlyForDeploymentPostprocessing = 0;
		};
/* End PBXSourcesBuildPhase section */

/* Begin PBXVariantGroup section */
		23F19E9E2ADB9C7100194E96 /* Main.storyboard */ = {
			isa = PBXVariantGroup;
			children = (
				23F19E9F2ADB9C7100194E96 /* Base */,
			);
			name = Main.storyboard;
			sourceTree = "<group>";
		};
		23F19EA32ADB9C7200194E96 /* LaunchScreen.storyboard */ = {
			isa = PBXVariantGroup;
			children = (
				23F19EA42ADB9C7200194E96 /* Base */,
			);
			name = LaunchScreen.storyboard;
			sourceTree = "<group>";
		};
/* End PBXVariantGroup section */

/* Begin XCBuildConfiguration section */
		23F19EA72ADB9C7200194E96 /* Debug */ = {
			isa = XCBuildConfiguration;
			buildSettings = {
				ALWAYS_SEARCH_USER_PATHS = NO;
				ASSETCATALOG_COMPILER_GENERATE_SWIFT_ASSET_SYMBOL_EXTENSIONS = YES;
				CLANG_ANALYZER_NONNULL = YES;
				CLANG_ANALYZER_NUMBER_OBJECT_CONVERSION = YES_AGGRESSIVE;
				CLANG_CXX_LANGUAGE_STANDARD = "gnu++20";
				CLANG_ENABLE_MODULES = YES;
				CLANG_ENABLE_OBJC_ARC = YES;
				CLANG_ENABLE_OBJC_WEAK = YES;
				CLANG_WARN_BLOCK_CAPTURE_AUTORELEASING = YES;
				CLANG_WARN_BOOL_CONVERSION = YES;
				CLANG_WARN_COMMA = YES;
				CLANG_WARN_CONSTANT_CONVERSION = YES;
				CLANG_WARN_DEPRECATED_OBJC_IMPLEMENTATIONS = YES;
				CLANG_WARN_DIRECT_OBJC_ISA_USAGE = YES_ERROR;
				CLANG_WARN_DOCUMENTATION_COMMENTS = YES;
				CLANG_WARN_EMPTY_BODY = YES;
				CLANG_WARN_ENUM_CONVERSION = YES;
				CLANG_WARN_INFINITE_RECURSION = YES;
				CLANG_WARN_INT_CONVERSION = YES;
				CLANG_WARN_NON_LITERAL_NULL_CONVERSION = YES;
				CLANG_WARN_OBJC_IMPLICIT_RETAIN_SELF = YES;
				CLANG_WARN_OBJC_LITERAL_CONVERSION = YES;
				CLANG_WARN_OBJC_ROOT_CLASS = YES_ERROR;
				CLANG_WARN_QUOTED_INCLUDE_IN_FRAMEWORK_HEADER = YES;
				CLANG_WARN_RANGE_LOOP_ANALYSIS = YES;
				CLANG_WARN_STRICT_PROTOTYPES = YES;
				CLANG_WARN_SUSPICIOUS_MOVE = YES;
				CLANG_WARN_UNGUARDED_AVAILABILITY = YES_AGGRESSIVE;
				CLANG_WARN_UNREACHABLE_CODE = YES;
				CLANG_WARN__DUPLICATE_METHOD_MATCH = YES;
				COPY_PHASE_STRIP = NO;
				DEBUG_INFORMATION_FORMAT = dwarf;
				ENABLE_STRICT_OBJC_MSGSEND = YES;
				ENABLE_TESTABILITY = YES;
				ENABLE_USER_SCRIPT_SANDBOXING = YES;
				GCC_C_LANGUAGE_STANDARD = gnu17;
				GCC_DYNAMIC_NO_PIC = NO;
				GCC_NO_COMMON_BLOCKS = YES;
				GCC_OPTIMIZATION_LEVEL = 0;
				GCC_PREPROCESSOR_DEFINITIONS = (
					"DEBUG=1",
					"$(inherited)",
				);
				GCC_WARN_64_TO_32_BIT_CONVERSION = YES;
				GCC_WARN_ABOUT_RETURN_TYPE = YES_ERROR;
				GCC_WARN_UNDECLARED_SELECTOR = YES;
				GCC_WARN_UNINITIALIZED_AUTOS = YES_AGGRESSIVE;
				GCC_WARN_UNUSED_FUNCTION = YES;
				GCC_WARN_UNUSED_VARIABLE = YES;
				IPHONEOS_DEPLOYMENT_TARGET = 17.0;
				LOCALIZATION_PREFERS_STRING_CATALOGS = YES;
				MTL_ENABLE_DEBUG_INFO = INCLUDE_SOURCE;
				MTL_FAST_MATH = YES;
				ONLY_ACTIVE_ARCH = YES;
				SDKROOT = iphoneos;
				SWIFT_ACTIVE_COMPILATION_CONDITIONS = "DEBUG $(inherited)";
				SWIFT_OPTIMIZATION_LEVEL = "-Onone";
			};
			name = Debug;
		};
		23F19EA82ADB9C7200194E96 /* Release */ = {
			isa = XCBuildConfiguration;
			buildSettings = {
				ALWAYS_SEARCH_USER_PATHS = NO;
				ASSETCATALOG_COMPILER_GENERATE_SWIFT_ASSET_SYMBOL_EXTENSIONS = YES;
				CLANG_ANALYZER_NONNULL = YES;
				CLANG_ANALYZER_NUMBER_OBJECT_CONVERSION = YES_AGGRESSIVE;
				CLANG_CXX_LANGUAGE_STANDARD = "gnu++20";
				CLANG_ENABLE_MODULES = YES;
				CLANG_ENABLE_OBJC_ARC = YES;
				CLANG_ENABLE_OBJC_WEAK = YES;
				CLANG_WARN_BLOCK_CAPTURE_AUTORELEASING = YES;
				CLANG_WARN_BOOL_CONVERSION = YES;
				CLANG_WARN_COMMA = YES;
				CLANG_WARN_CONSTANT_CONVERSION = YES;
				CLANG_WARN_DEPRECATED_OBJC_IMPLEMENTATIONS = YES;
				CLANG_WARN_DIRECT_OBJC_ISA_USAGE = YES_ERROR;
				CLANG_WARN_DOCUMENTATION_COMMENTS = YES;
				CLANG_WARN_EMPTY_BODY = YES;
				CLANG_WARN_ENUM_CONVERSION = YES;
				CLANG_WARN_INFINITE_RECURSION = YES;
				CLANG_WARN_INT_CONVERSION = YES;
				CLANG_WARN_NON_LITERAL_NULL_CONVERSION = YES;
				CLANG_WARN_OBJC_IMPLICIT_RETAIN_SELF = YES;
				CLANG_WARN_OBJC_LITERAL_CONVERSION = YES;
				CLANG_WARN_OBJC_ROOT_CLASS = YES_ERROR;
				CLANG_WARN_QUOTED_INCLUDE_IN_FRAMEWORK_HEADER = YES;
				CLANG_WARN_RANGE_LOOP_ANALYSIS = YES;
				CLANG_WARN_STRICT_PROTOTYPES = YES;
				CLANG_WARN_SUSPICIOUS_MOVE = YES;
				CLANG_WARN_UNGUARDED_AVAILABILITY = YES_AGGRESSIVE;
				CLANG_WARN_UNREACHABLE_CODE = YES;
				CLANG_WARN__DUPLICATE_METHOD_MATCH = YES;
				COPY_PHASE_STRIP = NO;
				DEBUG_INFORMATION_FORMAT = "dwarf-with-dsym";
				ENABLE_NS_ASSERTIONS = NO;
				ENABLE_STRICT_OBJC_MSGSEND = YES;
				ENABLE_USER_SCRIPT_SANDBOXING = YES;
				GCC_C_LANGUAGE_STANDARD = gnu17;
				GCC_NO_COMMON_BLOCKS = YES;
				GCC_WARN_64_TO_32_BIT_CONVERSION = YES;
				GCC_WARN_ABOUT_RETURN_TYPE = YES_ERROR;
				GCC_WARN_UNDECLARED_SELECTOR = YES;
				GCC_WARN_UNINITIALIZED_AUTOS = YES_AGGRESSIVE;
				GCC_WARN_UNUSED_FUNCTION = YES;
				GCC_WARN_UNUSED_VARIABLE = YES;
				IPHONEOS_DEPLOYMENT_TARGET = 17.0;
				LOCALIZATION_PREFERS_STRING_CATALOGS = YES;
				MTL_ENABLE_DEBUG_INFO = NO;
				MTL_FAST_MATH = YES;
				SDKROOT = iphoneos;
				SWIFT_COMPILATION_MODE = wholemodule;
				VALIDATE_PRODUCT = YES;
			};
			name = Release;
		};
		23F19EAA2ADB9C7200194E96 /* Debug */ = {
			isa = XCBuildConfiguration;
			buildSettings = {
				ASSETCATALOG_COMPILER_APPICON_NAME = AppIcon;
				ASSETCATALOG_COMPILER_GLOBAL_ACCENT_COLOR_NAME = AccentColor;
				CODE_SIGN_STYLE = Automatic;
				CURRENT_PROJECT_VERSION = 1;
				DEVELOPMENT_TEAM = 73KTH5RCHQ;
				GENERATE_INFOPLIST_FILE = YES;
				INFOPLIST_FILE = Seurata/Info.plist;
				INFOPLIST_KEY_UIApplicationSupportsIndirectInputEvents = YES;
				INFOPLIST_KEY_UILaunchStoryboardName = LaunchScreen;
				INFOPLIST_KEY_UIMainStoryboardFile = Main;
				INFOPLIST_KEY_UISupportedInterfaceOrientations_iPad = "UIInterfaceOrientationPortrait UIInterfaceOrientationPortraitUpsideDown UIInterfaceOrientationLandscapeLeft UIInterfaceOrientationLandscapeRight";
				INFOPLIST_KEY_UISupportedInterfaceOrientations_iPhone = "UIInterfaceOrientationPortrait UIInterfaceOrientationLandscapeLeft UIInterfaceOrientationLandscapeRight";
				LD_RUNPATH_SEARCH_PATHS = (
					"$(inherited)",
					"@executable_path/Frameworks",
				);
				MARKETING_VERSION = 1.0;
				PRODUCT_BUNDLE_IDENTIFIER = org.snak.Seurata;
				PRODUCT_NAME = "$(TARGET_NAME)";
				SWIFT_EMIT_LOC_STRINGS = YES;
				SWIFT_VERSION = 5.0;
				TARGETED_DEVICE_FAMILY = "1,2";
			};
			name = Debug;
		};
		23F19EAB2ADB9C7200194E96 /* Release */ = {
			isa = XCBuildConfiguration;
			buildSettings = {
				ASSETCATALOG_COMPILER_APPICON_NAME = AppIcon;
				ASSETCATALOG_COMPILER_GLOBAL_ACCENT_COLOR_NAME = AccentColor;
				CODE_SIGN_STYLE = Automatic;
				CURRENT_PROJECT_VERSION = 1;
				DEVELOPMENT_TEAM = 73KTH5RCHQ;
				GENERATE_INFOPLIST_FILE = YES;
				INFOPLIST_FILE = Seurata/Info.plist;
				INFOPLIST_KEY_UIApplicationSupportsIndirectInputEvents = YES;
				INFOPLIST_KEY_UILaunchStoryboardName = LaunchScreen;
				INFOPLIST_KEY_UIMainStoryboardFile = Main;
				INFOPLIST_KEY_UISupportedInterfaceOrientations_iPad = "UIInterfaceOrientationPortrait UIInterfaceOrientationPortraitUpsideDown UIInterfaceOrientationLandscapeLeft UIInterfaceOrientationLandscapeRight";
				INFOPLIST_KEY_UISupportedInterfaceOrientations_iPhone = "UIInterfaceOrientationPortrait UIInterfaceOrientationLandscapeLeft UIInterfaceOrientationLandscapeRight";
				LD_RUNPATH_SEARCH_PATHS = (
					"$(inherited)",
					"@executable_path/Frameworks",
				);
				MARKETING_VERSION = 1.0;
				PRODUCT_BUNDLE_IDENTIFIER = org.snak.Seurata;
				PRODUCT_NAME = "$(TARGET_NAME)";
				SWIFT_EMIT_LOC_STRINGS = YES;
				SWIFT_VERSION = 5.0;
				TARGETED_DEVICE_FAMILY = "1,2";
			};
			name = Release;
		};
/* End XCBuildConfiguration section */

/* Begin XCConfigurationList section */
		23F19E902ADB9C7100194E96 /* Build configuration list for PBXProject "Seurata" */ = {
			isa = XCConfigurationList;
			buildConfigurations = (
				23F19EA72ADB9C7200194E96 /* Debug */,
				23F19EA82ADB9C7200194E96 /* Release */,
			);
			defaultConfigurationIsVisible = 0;
			defaultConfigurationName = Release;
		};
		23F19EA92ADB9C7200194E96 /* Build configuration list for PBXNativeTarget "Seurata" */ = {
			isa = XCConfigurationList;
			buildConfigurations = (
				23F19EAA2ADB9C7200194E96 /* Debug */,
				23F19EAB2ADB9C7200194E96 /* Release */,
			);
			defaultConfigurationIsVisible = 0;
			defaultConfigurationName = Release;
		};
/* End XCConfigurationList section */
	};
	rootObject = 23F19E8D2ADB9C7100194E96 /* Project object */;
}
